{
  "name": "backend",
  "lockfileVersion": 3,
  "requires": true,
  "packages": {
    "": {
      "devDependencies": {
        "@types/dom-speech-recognition": "^0.0.7"
      }
    },
    "node_modules/@types/dom-speech-recognition": {
      "version": "0.0.7",
      "resolved": "https://registry.npmjs.org/@types/dom-speech-recognition/-/dom-speech-recognition-0.0.7.tgz",
      "integrity": "sha512-NjiUoJbBlKhyufNsMZLSp+pbPNtPAFnR738RCJvtZy/HVQ2TZjmqpMyaeOSMXgxdfZM60nt8QGbtfmQrJAH2sw==",
      "dev": true
    }
  }
}
